
Microsoft Visual Studio Solution File, Format Version 12.00
# Visual Studio Version 16
VisualStudioVersion = 16.0.30523.141
MinimumVisualStudioVersion = 10.0.40219.1
Project("{8BC9CEB8-8B4A-11D0-8D11-00A0C91BC942}") = "寻找数组中数字的位置", "寻找数组中数字的位置\寻找数组中数字的位置.vcxproj", "{FBE504EA-3F7F-40E2-BFB9-1AB8A45B97DB}"
EndProject
Global
	GlobalSection(SolutionConfigurationPlatforms) = preSolution
		Debug|x64 = Debug|x64
		Debug|x86 = Debug|x86
		Release|x64 = Release|x64
		Release|x86 = Release|x86
	EndGlobalSection
	GlobalSection(ProjectConfigurationPlatforms) = postSolution
		{FBE504EA-3F7F-40E2-BFB9-1AB8A45B97DB}.Debug|x64.ActiveCfg = Debug|x64
		{FBE504EA-3F7F-40E2-BFB9-1AB8A45B97DB}.Debug|x64.Build.0 = Debug|x64
		{FBE504EA-3F7F-40E2-BFB9-1AB8A45B97DB}.Debug|x86.ActiveCfg = Debug|Win32
		{FBE504EA-3F7F-40E2-BFB9-1AB8A45B97DB}.Debug|x86.Build.0 = Debug|Win32
		{FBE504EA-3F7F-40E2-BFB9-1AB8A45B97DB}.Release|x64.ActiveCfg = Release|x64
		{FBE504EA-3F7F-40E2-BFB9-1AB8A45B97DB}.Release|x64.Build.0 = Release|x64
		{FBE504EA-3F7F-40E2-BFB9-1AB8A45B97DB}.Release|x86.ActiveCfg = Release|Win32
		{FBE504EA-3F7F-40E2-BFB9-1AB8A45B97DB}.Release|x86.Build.0 = Release|Win32
	EndGlobalSection
	GlobalSection(SolutionProperties) = preSolution
		HideSolutionNode = FALSE
	EndGlobalSection
	GlobalSection(ExtensibilityGlobals) = postSolution
		SolutionGuid = {4E59BEFC-5DDC-4285-8AC4-49E147D53528}
	EndGlobalSection
EndGlobal
