
Microsoft Visual Studio Solution File, Format Version 12.00
# Visual Studio Version 16
VisualStudioVersion = 16.0.30523.141
MinimumVisualStudioVersion = 10.0.40219.1
Project("{8BC9CEB8-8B4A-11D0-8D11-00A0C91BC942}") = "求和and阶乘", "求和and阶乘\求和and阶乘.vcxproj", "{42967BBF-CACC-43BD-A5B5-EF4087EBDE16}"
EndProject
Global
	GlobalSection(SolutionConfigurationPlatforms) = preSolution
		Debug|x64 = Debug|x64
		Debug|x86 = Debug|x86
		Release|x64 = Release|x64
		Release|x86 = Release|x86
	EndGlobalSection
	GlobalSection(ProjectConfigurationPlatforms) = postSolution
		{42967BBF-CACC-43BD-A5B5-EF4087EBDE16}.Debug|x64.ActiveCfg = Debug|x64
		{42967BBF-CACC-43BD-A5B5-EF4087EBDE16}.Debug|x64.Build.0 = Debug|x64
		{42967BBF-CACC-43BD-A5B5-EF4087EBDE16}.Debug|x86.ActiveCfg = Debug|Win32
		{42967BBF-CACC-43BD-A5B5-EF4087EBDE16}.Debug|x86.Build.0 = Debug|Win32
		{42967BBF-CACC-43BD-A5B5-EF4087EBDE16}.Release|x64.ActiveCfg = Release|x64
		{42967BBF-CACC-43BD-A5B5-EF4087EBDE16}.Release|x64.Build.0 = Release|x64
		{42967BBF-CACC-43BD-A5B5-EF4087EBDE16}.Release|x86.ActiveCfg = Release|Win32
		{42967BBF-CACC-43BD-A5B5-EF4087EBDE16}.Release|x86.Build.0 = Release|Win32
	EndGlobalSection
	GlobalSection(SolutionProperties) = preSolution
		HideSolutionNode = FALSE
	EndGlobalSection
	GlobalSection(ExtensibilityGlobals) = postSolution
		SolutionGuid = {3F37B078-7A25-465E-BF94-4F64365F1CAB}
	EndGlobalSection
EndGlobal
